{
  "name": "fitness22-home-assignment",
  "version": "1.0.0",
  "lockfileVersion": 3,
  "requires": true,
  "packages": {
    "": {
      "name": "fitness22-home-assignment",
      "version": "1.0.0",
      "hasInstallScript": true,
      "license": "MIT",
      "dependencies": {
        "fitness22-home-assignment": "file:"
      }
    },
    "node_modules/fitness22-home-assignment": {
      "resolved": "",
      "link": true
    }
  }
}
